
Microsoft Visual Studio Solution File, Format Version 12.00
# Visual Studio Version 17
VisualStudioVersion = 17.7.34202.233
MinimumVisualStudioVersion = 10.0.40219.1
Project("{9A19103F-16F7-4668-BE54-9A1E7A4F7556}") = "Alloc8-web", "Alloc8-web\Alloc8-web.csproj", "{AEF0C592-AB57-4250-ABDE-D525AA64306E}"
EndProject
Project("{9A19103F-16F7-4668-BE54-9A1E7A4F7556}") = "Azure.API", "Azure.API\Azure.API.csproj", "{97362C25-592B-4F57-9290-208F49B0051C}"
EndProject
Global
	GlobalSection(SolutionConfigurationPlatforms) = preSolution
		Debug|Any CPU = Debug|Any CPU
		Release|Any CPU = Release|Any CPU
	EndGlobalSection
	GlobalSection(ProjectConfigurationPlatforms) = postSolution
		{AEF0C592-AB57-4250-ABDE-D525AA64306E}.Debug|Any CPU.ActiveCfg = Debug|Any CPU
		{AEF0C592-AB57-4250-ABDE-D525AA64306E}.Debug|Any CPU.Build.0 = Debug|Any CPU
		{AEF0C592-AB57-4250-ABDE-D525AA64306E}.Release|Any CPU.ActiveCfg = Release|Any CPU
		{AEF0C592-AB57-4250-ABDE-D525AA64306E}.Release|Any CPU.Build.0 = Release|Any CPU
		{97362C25-592B-4F57-9290-208F49B0051C}.Debug|Any CPU.ActiveCfg = Debug|Any CPU
		{97362C25-592B-4F57-9290-208F49B0051C}.Debug|Any CPU.Build.0 = Debug|Any CPU
		{97362C25-592B-4F57-9290-208F49B0051C}.Release|Any CPU.ActiveCfg = Release|Any CPU
		{97362C25-592B-4F57-9290-208F49B0051C}.Release|Any CPU.Build.0 = Release|Any CPU
	EndGlobalSection
	GlobalSection(SolutionProperties) = preSolution
		HideSolutionNode = FALSE
	EndGlobalSection
	GlobalSection(ExtensibilityGlobals) = postSolution
		SolutionGuid = {F55323DF-AC6C-4A70-BE51-294767FAC3FF}
	EndGlobalSection
EndGlobal
